{
    "_meta": {
        "hash": {
            "sha256": "283e9c0af87278d7bd9d5d37a51d1687893be5657085c8302bcecaacd1cfeff9"
        },
        "pipfile-spec": 6,
        "requires": {
            "python_version": "3.6"
        },
        "sources": [
            {
                "name": "pypi",
                "url": "https://pypi.org/simple",
                "verify_ssl": true
            }
        ]
    },
    "default": {
        "mutagen": {
            "hashes": [
                "sha256:b2a2c2ce87863af12ed7896f341419cd051a3c72c3c6733db9e83060dcadee5e"
            ],
            "index": "pypi",
            "version": "==1.40.0"
        }
    },
    "develop": {}
}
